// !$*UTF8*$!
{
	archiveVersion = 1;
	classes = {
	};
	objectVersion = 46;
	objects = {

/* Begin PBXBuildFile section */
		61526E991F5814FB008F5CBC /* main.cpp in Sources */ = {isa = PBXBuildFile; fileRef = 61526E981F5814FB008F5CBC /* main.cpp */; };
		61526EA01F583AFC008F5CBC /* libtesseract.3.dylib in Frameworks */ = {isa = PBXBuildFile; fileRef = 61526E9F1F583AFC008F5CBC /* libtesseract.3.dylib */; };
		61526EA41F5864CF008F5CBC /* liblept.5.dylib in Frameworks */ = {isa = PBXBuildFile; fileRef = 61526EA31F5864CF008F5CBC /* liblept.5.dylib */; };
/* End PBXBuildFile section */

/* Begin PBXCopyFilesBuildPhase section */
		61526E931F5814FB008F5CBC /* CopyFiles */ = {
			isa = PBXCopyFilesBuildPhase;
			buildActionMask = 2147483647;
			dstPath = /usr/share/man/man1/;
			dstSubfolderSpec = 0;
			files = (
			);
			runOnlyForDeploymentPostprocessing = 1;
		};
/* End PBXCopyFilesBuildPhase section */

/* Begin PBXFileReference section */
		61526E951F5814FB008F5CBC /* tesseract-test */ = {isa = PBXFileReference; explicitFileType = "compiled.mach-o.executable"; includeInIndex = 0; path = "tesseract-test"; sourceTree = BUILT_PRODUCTS_DIR; };
		61526E981F5814FB008F5CBC /* main.cpp */ = {isa = PBXFileReference; lastKnownFileType = sourcecode.cpp.cpp; path = main.cpp; sourceTree = "<group>"; };
		61526E9F1F583AFC008F5CBC /* libtesseract.3.dylib */ = {isa = PBXFileReference; lastKnownFileType = "compiled.mach-o.dylib"; name = libtesseract.3.dylib; path = ../../../../usr/local/Cellar/tesseract/3.05.01/lib/libtesseract.3.dylib; sourceTree = "<group>"; };
		61526EA31F5864CF008F5CBC /* liblept.5.dylib */ = {isa = PBXFileReference; lastKnownFileType = "compiled.mach-o.dylib"; name = liblept.5.dylib; path = ../../../../usr/local/Cellar/leptonica/1.74.4_1/lib/liblept.5.dylib; sourceTree = "<group>"; };
		61526EA51F586AE9008F5CBC /* test.png */ = {isa = PBXFileReference; lastKnownFileType = image.png; name = test.png; path = ../../Desktop/test.png; sourceTree = "<group>"; };
/* End PBXFileReference section */

/* Begin PBXFrameworksBuildPhase section */
		61526E921F5814FB008F5CBC /* Frameworks */ = {
			isa = PBXFrameworksBuildPhase;
			buildActionMask = 2147483647;
			files = (
				61526EA41F5864CF008F5CBC /* liblept.5.dylib in Frameworks */,
				61526EA01F583AFC008F5CBC /* libtesseract.3.dylib in Frameworks */,
			);
			runOnlyForDeploymentPostprocessing = 0;
		};
/* End PBXFrameworksBuildPhase section */

/* Begin PBXGroup section */
		61526E8C1F5814FB008F5CBC = {
			isa = PBXGroup;
			children = (
				61526EA51F586AE9008F5CBC /* test.png */,
				61526EA31F5864CF008F5CBC /* liblept.5.dylib */,
				61526E9F1F583AFC008F5CBC /* libtesseract.3.dylib */,
				61526E971F5814FB008F5CBC /* tesseract-test */,
				61526E961F5814FB008F5CBC /* Products */,
			);
			sourceTree = "<group>";
		};
		61526E961F5814FB008F5CBC /* Products */ = {
			isa = PBXGroup;
			children = (
				61526E951F5814FB008F5CBC /* tesseract-test */,
			);
			name = Products;
			sourceTree = "<group>";
		};
		61526E971F5814FB008F5CBC /* tesseract-test */ = {
			isa = PBXGroup;
			children = (
				61526E981F5814FB008F5CBC /* main.cpp */,
			);
			path = "tesseract-test";
			sourceTree = "<group>";
		};
/* End PBXGroup section */

/* Begin PBXNativeTarget section */
		61526E941F5814FB008F5CBC /* tesseract-test */ = {
			isa = PBXNativeTarget;
			buildConfigurationList = 61526E9C1F5814FB008F5CBC /* Build configuration list for PBXNativeTarget "tesseract-test" */;
			buildPhases = (
				61526E911F5814FB008F5CBC /* Sources */,
				61526E921F5814FB008F5CBC /* Frameworks */,
				61526E931F5814FB008F5CBC /* CopyFiles */,
			);
			buildRules = (
			);
			dependencies = (
			);
			name = "tesseract-test";
			productName = "tesseract-test";
			productReference = 61526E951F5814FB008F5CBC /* tesseract-test */;
			productType = "com.apple.product-type.tool";
		};
/* End PBXNativeTarget section */

/* Begin PBXProject section */
		61526E8D1F5814FB008F5CBC /* Project object */ = {
			isa = PBXProject;
			attributes = {
				LastUpgradeCheck = 0720;
				ORGANIZATIONNAME = CY;
				TargetAttributes = {
					61526E941F5814FB008F5CBC = {
						CreatedOnToolsVersion = 7.2.1;
					};
				};
			};
			buildConfigurationList = 61526E901F5814FB008F5CBC /* Build configuration list for PBXProject "tesseract-test" */;
			compatibilityVersion = "Xcode 3.2";
			developmentRegion = English;
			hasScannedForEncodings = 0;
			knownRegions = (
				en,
			);
			mainGroup = 61526E8C1F5814FB008F5CBC;
			productRefGroup = 61526E961F5814FB008F5CBC /* Products */;
			projectDirPath = "";
			projectRoot = "";
			targets = (
				61526E941F5814FB008F5CBC /* tesseract-test */,
			);
		};
/* End PBXProject section */

/* Begin PBXSourcesBuildPhase section */
		61526E911F5814FB008F5CBC /* Sources */ = {
			isa = PBXSourcesBuildPhase;
			buildActionMask = 2147483647;
			files = (
				61526E991F5814FB008F5CBC /* main.cpp in Sources */,
			);
			runOnlyForDeploymentPostprocessing = 0;
		};
/* End PBXSourcesBuildPhase section */

/* Begin XCBuildConfiguration section */
		61526E9A1F5814FB008F5CBC /* Debug */ = {
			isa = XCBuildConfiguration;
			buildSettings = {
				ALWAYS_SEARCH_USER_PATHS = NO;
				CLANG_CXX_LANGUAGE_STANDARD = "gnu++0x";
				CLANG_CXX_LIBRARY = "libc++";
				CLANG_ENABLE_MODULES = YES;
				CLANG_ENABLE_OBJC_ARC = YES;
				CLANG_WARN_BOOL_CONVERSION = YES;
				CLANG_WARN_CONSTANT_CONVERSION = YES;
				CLANG_WARN_DIRECT_OBJC_ISA_USAGE = YES_ERROR;
				CLANG_WARN_EMPTY_BODY = YES;
				CLANG_WARN_ENUM_CONVERSION = YES;
				CLANG_WARN_INT_CONVERSION = YES;
				CLANG_WARN_OBJC_ROOT_CLASS = YES_ERROR;
				CLANG_WARN_UNREACHABLE_CODE = YES;
				CLANG_WARN__DUPLICATE_METHOD_MATCH = YES;
				CODE_SIGN_IDENTITY = "-";
				COPY_PHASE_STRIP = NO;
				DEBUG_INFORMATION_FORMAT = dwarf;
				ENABLE_STRICT_OBJC_MSGSEND = YES;
				ENABLE_TESTABILITY = YES;
				GCC_C_LANGUAGE_STANDARD = gnu99;
				GCC_DYNAMIC_NO_PIC = NO;
				GCC_NO_COMMON_BLOCKS = YES;
				GCC_OPTIMIZATION_LEVEL = 0;
				GCC_PREPROCESSOR_DEFINITIONS = (
					"DEBUG=1",
					"$(inherited)",
				);
				GCC_WARN_64_TO_32_BIT_CONVERSION = YES;
				GCC_WARN_ABOUT_RETURN_TYPE = YES_ERROR;
				GCC_WARN_UNDECLARED_SELECTOR = YES;
				GCC_WARN_UNINITIALIZED_AUTOS = YES_AGGRESSIVE;
				GCC_WARN_UNUSED_FUNCTION = YES;
				GCC_WARN_UNUSED_VARIABLE = YES;
				MACOSX_DEPLOYMENT_TARGET = 10.11;
				MTL_ENABLE_DEBUG_INFO = YES;
				ONLY_ACTIVE_ARCH = YES;
				SDKROOT = macosx;
			};
			name = Debug;
		};
		61526E9B1F5814FB008F5CBC /* Release */ = {
			isa = XCBuildConfiguration;
			buildSettings = {
				ALWAYS_SEARCH_USER_PATHS = NO;
				CLANG_CXX_LANGUAGE_STANDARD = "gnu++0x";
				CLANG_CXX_LIBRARY = "libc++";
				CLANG_ENABLE_MODULES = YES;
				CLANG_ENABLE_OBJC_ARC = YES;
				CLANG_WARN_BOOL_CONVERSION = YES;
				CLANG_WARN_CONSTANT_CONVERSION = YES;
				CLANG_WARN_DIRECT_OBJC_ISA_USAGE = YES_ERROR;
				CLANG_WARN_EMPTY_BODY = YES;
				CLANG_WARN_ENUM_CONVERSION = YES;
				CLANG_WARN_INT_CONVERSION = YES;
				CLANG_WARN_OBJC_ROOT_CLASS = YES_ERROR;
				CLANG_WARN_UNREACHABLE_CODE = YES;
				CLANG_WARN__DUPLICATE_METHOD_MATCH = YES;
				CODE_SIGN_IDENTITY = "-";
				COPY_PHASE_STRIP = NO;
				DEBUG_INFORMATION_FORMAT = "dwarf-with-dsym";
				ENABLE_NS_ASSERTIONS = NO;
				ENABLE_STRICT_OBJC_MSGSEND = YES;
				GCC_C_LANGUAGE_STANDARD = gnu99;
				GCC_NO_COMMON_BLOCKS = YES;
				GCC_WARN_64_TO_32_BIT_CONVERSION = YES;
				GCC_WARN_ABOUT_RETURN_TYPE = YES_ERROR;
				GCC_WARN_UNDECLARED_SELECTOR = YES;
				GCC_WARN_UNINITIALIZED_AUTOS = YES_AGGRESSIVE;
				GCC_WARN_UNUSED_FUNCTION = YES;
				GCC_WARN_UNUSED_VARIABLE = YES;
				MACOSX_DEPLOYMENT_TARGET = 10.11;
				MTL_ENABLE_DEBUG_INFO = NO;
				SDKROOT = macosx;
			};
			name = Release;
		};
		61526E9D1F5814FB008F5CBC /* Debug */ = {
			isa = XCBuildConfiguration;
			buildSettings = {
				"HEADER_SEARCH_PATHS[arch=*]" = (
					"/usr/local/Cellar/tesseract/3.05.01/include/**",
					"/usr/local/Cellar/leptonica/1.74.4_1/include/**",
				);
				LIBRARY_SEARCH_PATHS = (
					"$(inherited)",
					/usr/local/Cellar/tesseract/3.05.01/lib,
					/usr/local/Cellar/leptonica/1.74.4_1/lib,
				);
				PRODUCT_NAME = "$(TARGET_NAME)";
			};
			name = Debug;
		};
		61526E9E1F5814FB008F5CBC /* Release */ = {
			isa = XCBuildConfiguration;
			buildSettings = {
				LIBRARY_SEARCH_PATHS = (
					"$(inherited)",
					/usr/local/Cellar/tesseract/3.05.01/lib,
					/usr/local/Cellar/leptonica/1.74.4_1/lib,
				);
				PRODUCT_NAME = "$(TARGET_NAME)";
			};
			name = Release;
		};
/* End XCBuildConfiguration section */

/* Begin XCConfigurationList section */
		61526E901F5814FB008F5CBC /* Build configuration list for PBXProject "tesseract-test" */ = {
			isa = XCConfigurationList;
			buildConfigurations = (
				61526E9A1F5814FB008F5CBC /* Debug */,
				61526E9B1F5814FB008F5CBC /* Release */,
			);
			defaultConfigurationIsVisible = 0;
			defaultConfigurationName = Release;
		};
		61526E9C1F5814FB008F5CBC /* Build configuration list for PBXNativeTarget "tesseract-test" */ = {
			isa = XCConfigurationList;
			buildConfigurations = (
				61526E9D1F5814FB008F5CBC /* Debug */,
				61526E9E1F5814FB008F5CBC /* Release */,
			);
			defaultConfigurationIsVisible = 0;
		};
/* End XCConfigurationList section */
	};
	rootObject = 61526E8D1F5814FB008F5CBC /* Project object */;
}
